// !$*UTF8*$!
{
	archiveVersion = 1;
	classes = {
	};
	objectVersion = 46;
	objects = {

/* Begin PBXBuildFile section */
		4278FEC11BE0F70800A2546C /* Constant.swift in Sources */ = {isa = PBXBuildFile; fileRef = 4278FEC01BE0F70800A2546C /* Constant.swift */; };
		429307321BDD1C54000BD4FB /* SyncMLGenerator.swift in Sources */ = {isa = PBXBuildFile; fileRef = 429307301BDD1C54000BD4FB /* SyncMLGenerator.swift */; };
		429307331BDD1C54000BD4FB /* SyncMLParser.swift in Sources */ = {isa = PBXBuildFile; fileRef = 429307311BDD1C54000BD4FB /* SyncMLParser.swift */; };
		429307371BDD1C89000BD4FB /* TGCFileManager.swift in Sources */ = {isa = PBXBuildFile; fileRef = 429307361BDD1C89000BD4FB /* TGCFileManager.swift */; };
		4293073A1BDD1E5D000BD4FB /* DirectoryWatcher.m in Sources */ = {isa = PBXBuildFile; fileRef = 429307391BDD1E5D000BD4FB /* DirectoryWatcher.m */; };
		42B4FBC61BD651CC009D2C0E /* AppDelegate.swift in Sources */ = {isa = PBXBuildFile; fileRef = 42B4FBC51BD651CC009D2C0E /* AppDelegate.swift */; };
		42B4FBC81BD651CC009D2C0E /* MasterViewController.swift in Sources */ = {isa = PBXBuildFile; fileRef = 42B4FBC71BD651CC009D2C0E /* MasterViewController.swift */; };
		42B4FBCA1BD651CC009D2C0E /* DetailViewController.swift in Sources */ = {isa = PBXBuildFile; fileRef = 42B4FBC91BD651CC009D2C0E /* DetailViewController.swift */; };
		42B4FBCD1BD651CC009D2C0E /* Main.storyboard in Resources */ = {isa = PBXBuildFile; fileRef = 42B4FBCB1BD651CC009D2C0E /* Main.storyboard */; };
		42B4FBCF1BD651CC009D2C0E /* Assets.xcassets in Resources */ = {isa = PBXBuildFile; fileRef = 42B4FBCE1BD651CC009D2C0E /* Assets.xcassets */; };
		42B4FBD21BD651CC009D2C0E /* LaunchScreen.storyboard in Resources */ = {isa = PBXBuildFile; fileRef = 42B4FBD01BD651CC009D2C0E /* LaunchScreen.storyboard */; };
		B4A42B652D73DEAD2635B320 /* Pods.framework in Frameworks */ = {isa = PBXBuildFile; fileRef = C3550204524468E8332D55A9 /* Pods.framework */; };
/* End PBXBuildFile section */

/* Begin PBXFileReference section */
		2FAEB422A8632D2619040BBD /* Pods.debug.xcconfig */ = {isa = PBXFileReference; includeInIndex = 1; lastKnownFileType = text.xcconfig; name = Pods.debug.xcconfig; path = "Pods/Target Support Files/Pods/Pods.debug.xcconfig"; sourceTree = "<group>"; };
		421056A81BD80382002011BB /* SyncMLLab-Bridging-Header.h */ = {isa = PBXFileReference; lastKnownFileType = sourcecode.c.h; path = "SyncMLLab-Bridging-Header.h"; sourceTree = "<group>"; };
		4278FEC01BE0F70800A2546C /* Constant.swift */ = {isa = PBXFileReference; fileEncoding = 4; lastKnownFileType = sourcecode.swift; path = Constant.swift; sourceTree = "<group>"; };
		429307301BDD1C54000BD4FB /* SyncMLGenerator.swift */ = {isa = PBXFileReference; fileEncoding = 4; lastKnownFileType = sourcecode.swift; path = SyncMLGenerator.swift; sourceTree = "<group>"; };
		429307311BDD1C54000BD4FB /* SyncMLParser.swift */ = {isa = PBXFileReference; fileEncoding = 4; lastKnownFileType = sourcecode.swift; path = SyncMLParser.swift; sourceTree = "<group>"; };
		429307361BDD1C89000BD4FB /* TGCFileManager.swift */ = {isa = PBXFileReference; fileEncoding = 4; lastKnownFileType = sourcecode.swift; path = TGCFileManager.swift; sourceTree = "<group>"; };
		429307381BDD1E5D000BD4FB /* DirectoryWatcher.h */ = {isa = PBXFileReference; fileEncoding = 4; lastKnownFileType = sourcecode.c.h; path = DirectoryWatcher.h; sourceTree = "<group>"; };
		429307391BDD1E5D000BD4FB /* DirectoryWatcher.m */ = {isa = PBXFileReference; fileEncoding = 4; lastKnownFileType = sourcecode.c.objc; path = DirectoryWatcher.m; sourceTree = "<group>"; };
		42B4FBC21BD651CC009D2C0E /* SyncMLLab.app */ = {isa = PBXFileReference; explicitFileType = wrapper.application; includeInIndex = 0; path = SyncMLLab.app; sourceTree = BUILT_PRODUCTS_DIR; };
		42B4FBC51BD651CC009D2C0E /* AppDelegate.swift */ = {isa = PBXFileReference; lastKnownFileType = sourcecode.swift; path = AppDelegate.swift; sourceTree = "<group>"; };
		42B4FBC71BD651CC009D2C0E /* MasterViewController.swift */ = {isa = PBXFileReference; lastKnownFileType = sourcecode.swift; path = MasterViewController.swift; sourceTree = "<group>"; };
		42B4FBC91BD651CC009D2C0E /* DetailViewController.swift */ = {isa = PBXFileReference; lastKnownFileType = sourcecode.swift; path = DetailViewController.swift; sourceTree = "<group>"; };
		42B4FBCC1BD651CC009D2C0E /* Base */ = {isa = PBXFileReference; lastKnownFileType = file.storyboard; name = Base; path = Base.lproj/Main.storyboard; sourceTree = "<group>"; };
		42B4FBCE1BD651CC009D2C0E /* Assets.xcassets */ = {isa = PBXFileReference; lastKnownFileType = folder.assetcatalog; path = Assets.xcassets; sourceTree = "<group>"; };
		42B4FBD11BD651CC009D2C0E /* Base */ = {isa = PBXFileReference; lastKnownFileType = file.storyboard; name = Base; path = Base.lproj/LaunchScreen.storyboard; sourceTree = "<group>"; };
		42B4FBD31BD651CC009D2C0E /* Info.plist */ = {isa = PBXFileReference; lastKnownFileType = text.plist.xml; path = Info.plist; sourceTree = "<group>"; };
		BF0AF9F1AB2563BC534C87A5 /* Pods.release.xcconfig */ = {isa = PBXFileReference; includeInIndex = 1; lastKnownFileType = text.xcconfig; name = Pods.release.xcconfig; path = "Pods/Target Support Files/Pods/Pods.release.xcconfig"; sourceTree = "<group>"; };
		C3550204524468E8332D55A9 /* Pods.framework */ = {isa = PBXFileReference; explicitFileType = wrapper.framework; includeInIndex = 0; path = Pods.framework; sourceTree = BUILT_PRODUCTS_DIR; };
/* End PBXFileReference section */

/* Begin PBXFrameworksBuildPhase section */
		42B4FBBF1BD651CC009D2C0E /* Frameworks */ = {
			isa = PBXFrameworksBuildPhase;
			buildActionMask = 2147483647;
			files = (
				B4A42B652D73DEAD2635B320 /* Pods.framework in Frameworks */,
			);
			runOnlyForDeploymentPostprocessing = 0;
		};
/* End PBXFrameworksBuildPhase section */

/* Begin PBXGroup section */
		042CDD2664ABC7697BEFA2BC /* Pods */ = {
			isa = PBXGroup;
			children = (
				2FAEB422A8632D2619040BBD /* Pods.debug.xcconfig */,
				BF0AF9F1AB2563BC534C87A5 /* Pods.release.xcconfig */,
			);
			name = Pods;
			sourceTree = "<group>";
		};
		2003CEE8BC54BD3CF851E0AF /* Frameworks */ = {
			isa = PBXGroup;
			children = (
				C3550204524468E8332D55A9 /* Pods.framework */,
			);
			name = Frameworks;
			sourceTree = "<group>";
		};
		4293072F1BDD1C54000BD4FB /* SyncML */ = {
			isa = PBXGroup;
			children = (
				429307301BDD1C54000BD4FB /* SyncMLGenerator.swift */,
				429307311BDD1C54000BD4FB /* SyncMLParser.swift */,
			);
			path = SyncML;
			sourceTree = "<group>";
		};
		429307341BDD1C5E000BD4FB /* Utils */ = {
			isa = PBXGroup;
			children = (
				429307381BDD1E5D000BD4FB /* DirectoryWatcher.h */,
				429307391BDD1E5D000BD4FB /* DirectoryWatcher.m */,
				4278FEC01BE0F70800A2546C /* Constant.swift */,
			);
			path = Utils;
			sourceTree = "<group>";
		};
		429307351BDD1C65000BD4FB /* FileManager */ = {
			isa = PBXGroup;
			children = (
				429307361BDD1C89000BD4FB /* TGCFileManager.swift */,
			);
			path = FileManager;
			sourceTree = "<group>";
		};
		42B4FBB91BD651CC009D2C0E = {
			isa = PBXGroup;
			children = (
				42B4FBC41BD651CC009D2C0E /* SyncMLLab */,
				42B4FBC31BD651CC009D2C0E /* Products */,
				042CDD2664ABC7697BEFA2BC /* Pods */,
				2003CEE8BC54BD3CF851E0AF /* Frameworks */,
			);
			sourceTree = "<group>";
		};
		42B4FBC31BD651CC009D2C0E /* Products */ = {
			isa = PBXGroup;
			children = (
				42B4FBC21BD651CC009D2C0E /* SyncMLLab.app */,
			);
			name = Products;
			sourceTree = "<group>";
		};
		42B4FBC41BD651CC009D2C0E /* SyncMLLab */ = {
			isa = PBXGroup;
			children = (
				429307341BDD1C5E000BD4FB /* Utils */,
				429307351BDD1C65000BD4FB /* FileManager */,
				4293072F1BDD1C54000BD4FB /* SyncML */,
				42B4FBC51BD651CC009D2C0E /* AppDelegate.swift */,
				42B4FBC71BD651CC009D2C0E /* MasterViewController.swift */,
				42B4FBC91BD651CC009D2C0E /* DetailViewController.swift */,
				42B4FBCB1BD651CC009D2C0E /* Main.storyboard */,
				42B4FBCE1BD651CC009D2C0E /* Assets.xcassets */,
				42B4FBD01BD651CC009D2C0E /* LaunchScreen.storyboard */,
				42B4FBD31BD651CC009D2C0E /* Info.plist */,
				421056A81BD80382002011BB /* SyncMLLab-Bridging-Header.h */,
			);
			path = SyncMLLab;
			sourceTree = "<group>";
		};
/* End PBXGroup section */

/* Begin PBXNativeTarget section */
		42B4FBC11BD651CC009D2C0E /* SyncMLLab */ = {
			isa = PBXNativeTarget;
			buildConfigurationList = 42B4FBD61BD651CC009D2C0E /* Build configuration list for PBXNativeTarget "SyncMLLab" */;
			buildPhases = (
				6EB9EB733C8BBB20263D969B /* Check Pods Manifest.lock */,
				42B4FBBE1BD651CC009D2C0E /* Sources */,
				42B4FBBF1BD651CC009D2C0E /* Frameworks */,
				42B4FBC01BD651CC009D2C0E /* Resources */,
				2C17800D3873E7A470BA5392 /* Embed Pods Frameworks */,
				FA78DE09720DD4910589E1A9 /* Copy Pods Resources */,
			);
			buildRules = (
			);
			dependencies = (
			);
			name = SyncMLLab;
			productName = SyncMLLab;
			productReference = 42B4FBC21BD651CC009D2C0E /* SyncMLLab.app */;
			productType = "com.apple.product-type.application";
		};
/* End PBXNativeTarget section */

/* Begin PBXProject section */
		42B4FBBA1BD651CC009D2C0E /* Project object */ = {
			isa = PBXProject;
			attributes = {
				LastSwiftUpdateCheck = 0700;
				LastUpgradeCheck = 0700;
				ORGANIZATIONNAME = MaulynTang;
				TargetAttributes = {
					42B4FBC11BD651CC009D2C0E = {
						CreatedOnToolsVersion = 7.0.1;
					};
				};
			};
			buildConfigurationList = 42B4FBBD1BD651CC009D2C0E /* Build configuration list for PBXProject "SyncMLLab" */;
			compatibilityVersion = "Xcode 3.2";
			developmentRegion = English;
			hasScannedForEncodings = 0;
			knownRegions = (
				en,
				Base,
			);
			mainGroup = 42B4FBB91BD651CC009D2C0E;
			productRefGroup = 42B4FBC31BD651CC009D2C0E /* Products */;
			projectDirPath = "";
			projectRoot = "";
			targets = (
				42B4FBC11BD651CC009D2C0E /* SyncMLLab */,
			);
		};
/* End PBXProject section */

/* Begin PBXResourcesBuildPhase section */
		42B4FBC01BD651CC009D2C0E /* Resources */ = {
			isa = PBXResourcesBuildPhase;
			buildActionMask = 2147483647;
			files = (
				42B4FBD21BD651CC009D2C0E /* LaunchScreen.storyboard in Resources */,
				42B4FBCF1BD651CC009D2C0E /* Assets.xcassets in Resources */,
				42B4FBCD1BD651CC009D2C0E /* Main.storyboard in Resources */,
			);
			runOnlyForDeploymentPostprocessing = 0;
		};
/* End PBXResourcesBuildPhase section */

/* Begin PBXShellScriptBuildPhase section */
		2C17800D3873E7A470BA5392 /* Embed Pods Frameworks */ = {
			isa = PBXShellScriptBuildPhase;
			buildActionMask = 2147483647;
			files = (
			);
			inputPaths = (
			);
			name = "Embed Pods Frameworks";
			outputPaths = (
			);
			runOnlyForDeploymentPostprocessing = 0;
			shellPath = /bin/sh;
			shellScript = "\"${SRCROOT}/Pods/Target Support Files/Pods/Pods-frameworks.sh\"\n";
			showEnvVarsInLog = 0;
		};
		6EB9EB733C8BBB20263D969B /* Check Pods Manifest.lock */ = {
			isa = PBXShellScriptBuildPhase;
			buildActionMask = 2147483647;
			files = (
			);
			inputPaths = (
			);
			name = "Check Pods Manifest.lock";
			outputPaths = (
			);
			runOnlyForDeploymentPostprocessing = 0;
			shellPath = /bin/sh;
			shellScript = "diff \"${PODS_ROOT}/../Podfile.lock\" \"${PODS_ROOT}/Manifest.lock\" > /dev/null\nif [[ $? != 0 ]] ; then\n    cat << EOM\nerror: The sandbox is not in sync with the Podfile.lock. Run 'pod install' or update your CocoaPods installation.\nEOM\n    exit 1\nfi\n";
			showEnvVarsInLog = 0;
		};
		FA78DE09720DD4910589E1A9 /* Copy Pods Resources */ = {
			isa = PBXShellScriptBuildPhase;
			buildActionMask = 2147483647;
			files = (
			);
			inputPaths = (
			);
			name = "Copy Pods Resources";
			outputPaths = (
			);
			runOnlyForDeploymentPostprocessing = 0;
			shellPath = /bin/sh;
			shellScript = "\"${SRCROOT}/Pods/Target Support Files/Pods/Pods-resources.sh\"\n";
			showEnvVarsInLog = 0;
		};
/* End PBXShellScriptBuildPhase section */

/* Begin PBXSourcesBuildPhase section */
		42B4FBBE1BD651CC009D2C0E /* Sources */ = {
			isa = PBXSourcesBuildPhase;
			buildActionMask = 2147483647;
			files = (
				429307331BDD1C54000BD4FB /* SyncMLParser.swift in Sources */,
				42B4FBCA1BD651CC009D2C0E /* DetailViewController.swift in Sources */,
				429307321BDD1C54000BD4FB /* SyncMLGenerator.swift in Sources */,
				4278FEC11BE0F70800A2546C /* Constant.swift in Sources */,
				42B4FBC81BD651CC009D2C0E /* MasterViewController.swift in Sources */,
				429307371BDD1C89000BD4FB /* TGCFileManager.swift in Sources */,
				4293073A1BDD1E5D000BD4FB /* DirectoryWatcher.m in Sources */,
				42B4FBC61BD651CC009D2C0E /* AppDelegate.swift in Sources */,
			);
			runOnlyForDeploymentPostprocessing = 0;
		};
/* End PBXSourcesBuildPhase section */

/* Begin PBXVariantGroup section */
		42B4FBCB1BD651CC009D2C0E /* Main.storyboard */ = {
			isa = PBXVariantGroup;
			children = (
				42B4FBCC1BD651CC009D2C0E /* Base */,
			);
			name = Main.storyboard;
			sourceTree = "<group>";
		};
		42B4FBD01BD651CC009D2C0E /* LaunchScreen.storyboard */ = {
			isa = PBXVariantGroup;
			children = (
				42B4FBD11BD651CC009D2C0E /* Base */,
			);
			name = LaunchScreen.storyboard;
			sourceTree = "<group>";
		};
/* End PBXVariantGroup section */

/* Begin XCBuildConfiguration section */
		42B4FBD41BD651CC009D2C0E /* Debug */ = {
			isa = XCBuildConfiguration;
			buildSettings = {
				ALWAYS_SEARCH_USER_PATHS = NO;
				CLANG_CXX_LANGUAGE_STANDARD = "gnu++0x";
				CLANG_CXX_LIBRARY = "libc++";
				CLANG_ENABLE_MODULES = YES;
				CLANG_ENABLE_OBJC_ARC = YES;
				CLANG_WARN_BOOL_CONVERSION = YES;
				CLANG_WARN_CONSTANT_CONVERSION = YES;
				CLANG_WARN_DIRECT_OBJC_ISA_USAGE = YES_ERROR;
				CLANG_WARN_EMPTY_BODY = YES;
				CLANG_WARN_ENUM_CONVERSION = YES;
				CLANG_WARN_INT_CONVERSION = YES;
				CLANG_WARN_OBJC_ROOT_CLASS = YES_ERROR;
				CLANG_WARN_UNREACHABLE_CODE = YES;
				CLANG_WARN__DUPLICATE_METHOD_MATCH = YES;
				"CODE_SIGN_IDENTITY[sdk=iphoneos*]" = "iPhone Developer";
				COPY_PHASE_STRIP = NO;
				DEBUG_INFORMATION_FORMAT = dwarf;
				ENABLE_STRICT_OBJC_MSGSEND = YES;
				ENABLE_TESTABILITY = YES;
				FRAMEWORK_SEARCH_PATHS = "";
				GCC_C_LANGUAGE_STANDARD = gnu99;
				GCC_DYNAMIC_NO_PIC = NO;
				GCC_NO_COMMON_BLOCKS = YES;
				GCC_OPTIMIZATION_LEVEL = 0;
				GCC_PREPROCESSOR_DEFINITIONS = (
					"DEBUG=1",
					"$(inherited)",
				);
				GCC_WARN_64_TO_32_BIT_CONVERSION = YES;
				GCC_WARN_ABOUT_RETURN_TYPE = YES_ERROR;
				GCC_WARN_UNDECLARED_SELECTOR = YES;
				GCC_WARN_UNINITIALIZED_AUTOS = YES_AGGRESSIVE;
				GCC_WARN_UNUSED_FUNCTION = YES;
				GCC_WARN_UNUSED_VARIABLE = YES;
				HEADER_SEARCH_PATHS = "";
				IPHONEOS_DEPLOYMENT_TARGET = 8.0;
				MTL_ENABLE_DEBUG_INFO = YES;
				ONLY_ACTIVE_ARCH = YES;
				SDKROOT = iphoneos;
				SWIFT_OPTIMIZATION_LEVEL = "-Onone";
			};
			name = Debug;
		};
		42B4FBD51BD651CC009D2C0E /* Release */ = {
			isa = XCBuildConfiguration;
			buildSettings = {
				ALWAYS_SEARCH_USER_PATHS = NO;
				CLANG_CXX_LANGUAGE_STANDARD = "gnu++0x";
				CLANG_CXX_LIBRARY = "libc++";
				CLANG_ENABLE_MODULES = YES;
				CLANG_ENABLE_OBJC_ARC = YES;
				CLANG_WARN_BOOL_CONVERSION = YES;
				CLANG_WARN_CONSTANT_CONVERSION = YES;
				CLANG_WARN_DIRECT_OBJC_ISA_USAGE = YES_ERROR;
				CLANG_WARN_EMPTY_BODY = YES;
				CLANG_WARN_ENUM_CONVERSION = YES;
				CLANG_WARN_INT_CONVERSION = YES;
				CLANG_WARN_OBJC_ROOT_CLASS = YES_ERROR;
				CLANG_WARN_UNREACHABLE_CODE = YES;
				CLANG_WARN__DUPLICATE_METHOD_MATCH = YES;
				"CODE_SIGN_IDENTITY[sdk=iphoneos*]" = "iPhone Developer";
				COPY_PHASE_STRIP = NO;
				DEBUG_INFORMATION_FORMAT = "dwarf-with-dsym";
				ENABLE_NS_ASSERTIONS = NO;
				ENABLE_STRICT_OBJC_MSGSEND = YES;
				FRAMEWORK_SEARCH_PATHS = "";
				GCC_C_LANGUAGE_STANDARD = gnu99;
				GCC_NO_COMMON_BLOCKS = YES;
				GCC_WARN_64_TO_32_BIT_CONVERSION = YES;
				GCC_WARN_ABOUT_RETURN_TYPE = YES_ERROR;
				GCC_WARN_UNDECLARED_SELECTOR = YES;
				GCC_WARN_UNINITIALIZED_AUTOS = YES_AGGRESSIVE;
				GCC_WARN_UNUSED_FUNCTION = YES;
				GCC_WARN_UNUSED_VARIABLE = YES;
				HEADER_SEARCH_PATHS = "";
				IPHONEOS_DEPLOYMENT_TARGET = 8.0;
				MTL_ENABLE_DEBUG_INFO = NO;
				SDKROOT = iphoneos;
				VALIDATE_PRODUCT = YES;
			};
			name = Release;
		};
		42B4FBD71BD651CC009D2C0E /* Debug */ = {
			isa = XCBuildConfiguration;
			baseConfigurationReference = 2FAEB422A8632D2619040BBD /* Pods.debug.xcconfig */;
			buildSettings = {
				ASSETCATALOG_COMPILER_APPICON_NAME = AppIcon;
				CLANG_ENABLE_MODULES = YES;
				HEADER_SEARCH_PATHS = "\"$(SDKROOT)/usr/include/libxml2\"";
				INFOPLIST_FILE = SyncMLLab/Info.plist;
				IPHONEOS_DEPLOYMENT_TARGET = 8.0;
				LD_RUNPATH_SEARCH_PATHS = "$(inherited) @executable_path/Frameworks";
				PRODUCT_BUNDLE_IDENTIFIER = com.tgcasce.SyncMLLab;
				PRODUCT_NAME = "$(TARGET_NAME)";
				SWIFT_OBJC_BRIDGING_HEADER = "SyncMLLab/SyncMLLab-Bridging-Header.h";
				SWIFT_OPTIMIZATION_LEVEL = "-Onone";
				USER_HEADER_SEARCH_PATHS = "$(SRCROOT)/Pods/Headers/**";
			};
			name = Debug;
		};
		42B4FBD81BD651CC009D2C0E /* Release */ = {
			isa = XCBuildConfiguration;
			baseConfigurationReference = BF0AF9F1AB2563BC534C87A5 /* Pods.release.xcconfig */;
			buildSettings = {
				ASSETCATALOG_COMPILER_APPICON_NAME = AppIcon;
				CLANG_ENABLE_MODULES = YES;
				HEADER_SEARCH_PATHS = "\"$(SDKROOT)/usr/include/libxml2\"";
				INFOPLIST_FILE = SyncMLLab/Info.plist;
				IPHONEOS_DEPLOYMENT_TARGET = 8.0;
				LD_RUNPATH_SEARCH_PATHS = "$(inherited) @executable_path/Frameworks";
				PRODUCT_BUNDLE_IDENTIFIER = com.tgcasce.SyncMLLab;
				PRODUCT_NAME = "$(TARGET_NAME)";
				SWIFT_OBJC_BRIDGING_HEADER = "SyncMLLab/SyncMLLab-Bridging-Header.h";
				USER_HEADER_SEARCH_PATHS = "$(SRCROOT)/Pods/Headers/**";
			};
			name = Release;
		};
/* End XCBuildConfiguration section */

/* Begin XCConfigurationList section */
		42B4FBBD1BD651CC009D2C0E /* Build configuration list for PBXProject "SyncMLLab" */ = {
			isa = XCConfigurationList;
			buildConfigurations = (
				42B4FBD41BD651CC009D2C0E /* Debug */,
				42B4FBD51BD651CC009D2C0E /* Release */,
			);
			defaultConfigurationIsVisible = 0;
			defaultConfigurationName = Release;
		};
		42B4FBD61BD651CC009D2C0E /* Build configuration list for PBXNativeTarget "SyncMLLab" */ = {
			isa = XCConfigurationList;
			buildConfigurations = (
				42B4FBD71BD651CC009D2C0E /* Debug */,
				42B4FBD81BD651CC009D2C0E /* Release */,
			);
			defaultConfigurationIsVisible = 0;
			defaultConfigurationName = Release;
		};
/* End XCConfigurationList section */
	};
	rootObject = 42B4FBBA1BD651CC009D2C0E /* Project object */;
}
